// !$*UTF8*$!
{
	archiveVersion = 1;
	classes = {
	};
	objectVersion = 56;
	objects = {

/* Begin PBXBuildFile section */
		247FE4DA2BE6D32600FD8CE0 /* DogBookApp.swift in Sources */ = {isa = PBXBuildFile; fileRef = 247FE4D92BE6D32600FD8CE0 /* DogBookApp.swift */; };
		247FE4DC2BE6D32600FD8CE0 /* DogsListView.swift in Sources */ = {isa = PBXBuildFile; fileRef = 247FE4DB2BE6D32600FD8CE0 /* DogsListView.swift */; };
		247FE4DE2BE6D32700FD8CE0 /* Assets.xcassets in Resources */ = {isa = PBXBuildFile; fileRef = 247FE4DD2BE6D32700FD8CE0 /* Assets.xcassets */; };
		247FE4E12BE6D32700FD8CE0 /* Preview Assets.xcassets in Resources */ = {isa = PBXBuildFile; fileRef = 247FE4E02BE6D32700FD8CE0 /* Preview Assets.xcassets */; };
		247FE4E82BE6D36000FD8CE0 /* DogDetailView.swift in Sources */ = {isa = PBXBuildFile; fileRef = 247FE4E72BE6D36000FD8CE0 /* DogDetailView.swift */; };
		247FE4EA2BE6D37600FD8CE0 /* DogsListViewModel.swift in Sources */ = {isa = PBXBuildFile; fileRef = 247FE4E92BE6D37600FD8CE0 /* DogsListViewModel.swift */; };
		247FE4EC2BE6D39100FD8CE0 /* Model.swift in Sources */ = {isa = PBXBuildFile; fileRef = 247FE4EB2BE6D39100FD8CE0 /* Model.swift */; };
		247FE4EE2BE6D9A000FD8CE0 /* RealDogsService.swift in Sources */ = {isa = PBXBuildFile; fileRef = 247FE4ED2BE6D9A000FD8CE0 /* RealDogsService.swift */; };
		830DAEB12BED827400668C1A /* DogBookTests.swift in Sources */ = {isa = PBXBuildFile; fileRef = 830DAEB02BED827400668C1A /* DogBookTests.swift */; };
		830DAEBA2BED831600668C1A /* TestDogsService.swift in Sources */ = {isa = PBXBuildFile; fileRef = 830DAEB72BED82F100668C1A /* TestDogsService.swift */; };
		83E5EED12BEB1C9000B3F4C6 /* DogDetailViewModel.swift in Sources */ = {isa = PBXBuildFile; fileRef = 83E5EED02BEB1C9000B3F4C6 /* DogDetailViewModel.swift */; };
/* End PBXBuildFile section */

/* Begin PBXContainerItemProxy section */
		830DAEB22BED827400668C1A /* PBXContainerItemProxy */ = {
			isa = PBXContainerItemProxy;
			containerPortal = 247FE4CE2BE6D32600FD8CE0 /* Project object */;
			proxyType = 1;
			remoteGlobalIDString = 247FE4D52BE6D32600FD8CE0;
			remoteInfo = DogBook;
		};
/* End PBXContainerItemProxy section */

/* Begin PBXFileReference section */
		247FE4D62BE6D32600FD8CE0 /* DogBook.app */ = {isa = PBXFileReference; explicitFileType = wrapper.application; includeInIndex = 0; path = DogBook.app; sourceTree = BUILT_PRODUCTS_DIR; };
		247FE4D92BE6D32600FD8CE0 /* DogBookApp.swift */ = {isa = PBXFileReference; lastKnownFileType = sourcecode.swift; path = DogBookApp.swift; sourceTree = "<group>"; };
		247FE4DB2BE6D32600FD8CE0 /* DogsListView.swift */ = {isa = PBXFileReference; lastKnownFileType = sourcecode.swift; path = DogsListView.swift; sourceTree = "<group>"; };
		247FE4DD2BE6D32700FD8CE0 /* Assets.xcassets */ = {isa = PBXFileReference; lastKnownFileType = folder.assetcatalog; path = Assets.xcassets; sourceTree = "<group>"; };
		247FE4E02BE6D32700FD8CE0 /* Preview Assets.xcassets */ = {isa = PBXFileReference; lastKnownFileType = folder.assetcatalog; path = "Preview Assets.xcassets"; sourceTree = "<group>"; };
		247FE4E72BE6D36000FD8CE0 /* DogDetailView.swift */ = {isa = PBXFileReference; lastKnownFileType = sourcecode.swift; path = DogDetailView.swift; sourceTree = "<group>"; };
		247FE4E92BE6D37600FD8CE0 /* DogsListViewModel.swift */ = {isa = PBXFileReference; lastKnownFileType = sourcecode.swift; path = DogsListViewModel.swift; sourceTree = "<group>"; };
		247FE4EB2BE6D39100FD8CE0 /* Model.swift */ = {isa = PBXFileReference; lastKnownFileType = sourcecode.swift; path = Model.swift; sourceTree = "<group>"; };
		247FE4ED2BE6D9A000FD8CE0 /* RealDogsService.swift */ = {isa = PBXFileReference; lastKnownFileType = sourcecode.swift; path = RealDogsService.swift; sourceTree = "<group>"; };
		830DAEAE2BED827400668C1A /* DogBookTests.xctest */ = {isa = PBXFileReference; explicitFileType = wrapper.cfbundle; includeInIndex = 0; path = DogBookTests.xctest; sourceTree = BUILT_PRODUCTS_DIR; };
		830DAEB02BED827400668C1A /* DogBookTests.swift */ = {isa = PBXFileReference; lastKnownFileType = sourcecode.swift; path = DogBookTests.swift; sourceTree = "<group>"; };
		830DAEB72BED82F100668C1A /* TestDogsService.swift */ = {isa = PBXFileReference; lastKnownFileType = sourcecode.swift; path = TestDogsService.swift; sourceTree = "<group>"; };
		83CC92682BEC177B00947CE8 /* Info.plist */ = {isa = PBXFileReference; lastKnownFileType = text.plist; path = Info.plist; sourceTree = "<group>"; };
		83E5EED02BEB1C9000B3F4C6 /* DogDetailViewModel.swift */ = {isa = PBXFileReference; lastKnownFileType = sourcecode.swift; path = DogDetailViewModel.swift; sourceTree = "<group>"; };
/* End PBXFileReference section */

/* Begin PBXFrameworksBuildPhase section */
		247FE4D32BE6D32600FD8CE0 /* Frameworks */ = {
			isa = PBXFrameworksBuildPhase;
			buildActionMask = 2147483647;
			files = (
			);
			runOnlyForDeploymentPostprocessing = 0;
		};
		830DAEAB2BED827400668C1A /* Frameworks */ = {
			isa = PBXFrameworksBuildPhase;
			buildActionMask = 2147483647;
			files = (
			);
			runOnlyForDeploymentPostprocessing = 0;
		};
/* End PBXFrameworksBuildPhase section */

/* Begin PBXGroup section */
		247FE4CD2BE6D32600FD8CE0 = {
			isa = PBXGroup;
			children = (
				247FE4D82BE6D32600FD8CE0 /* DogBook */,
				830DAEAF2BED827400668C1A /* DogBookTests */,
				247FE4D72BE6D32600FD8CE0 /* Products */,
			);
			sourceTree = "<group>";
		};
		247FE4D72BE6D32600FD8CE0 /* Products */ = {
			isa = PBXGroup;
			children = (
				247FE4D62BE6D32600FD8CE0 /* DogBook.app */,
				830DAEAE2BED827400668C1A /* DogBookTests.xctest */,
			);
			name = Products;
			sourceTree = "<group>";
		};
		247FE4D82BE6D32600FD8CE0 /* DogBook */ = {
			isa = PBXGroup;
			children = (
				83CC92682BEC177B00947CE8 /* Info.plist */,
				247FE4D92BE6D32600FD8CE0 /* DogBookApp.swift */,
				247FE4DB2BE6D32600FD8CE0 /* DogsListView.swift */,
				247FE4E92BE6D37600FD8CE0 /* DogsListViewModel.swift */,
				247FE4E72BE6D36000FD8CE0 /* DogDetailView.swift */,
				83E5EED02BEB1C9000B3F4C6 /* DogDetailViewModel.swift */,
				247FE4ED2BE6D9A000FD8CE0 /* RealDogsService.swift */,
				247FE4EB2BE6D39100FD8CE0 /* Model.swift */,
				247FE4DD2BE6D32700FD8CE0 /* Assets.xcassets */,
				247FE4DF2BE6D32700FD8CE0 /* Preview Content */,
			);
			path = DogBook;
			sourceTree = "<group>";
		};
		247FE4DF2BE6D32700FD8CE0 /* Preview Content */ = {
			isa = PBXGroup;
			children = (
				247FE4E02BE6D32700FD8CE0 /* Preview Assets.xcassets */,
			);
			path = "Preview Content";
			sourceTree = "<group>";
		};
		830DAEAF2BED827400668C1A /* DogBookTests */ = {
			isa = PBXGroup;
			children = (
				830DAEB02BED827400668C1A /* DogBookTests.swift */,
				830DAEB72BED82F100668C1A /* TestDogsService.swift */,
			);
			path = DogBookTests;
			sourceTree = "<group>";
		};
/* End PBXGroup section */

/* Begin PBXNativeTarget section */
		247FE4D52BE6D32600FD8CE0 /* DogBook */ = {
			isa = PBXNativeTarget;
			buildConfigurationList = 247FE4E42BE6D32700FD8CE0 /* Build configuration list for PBXNativeTarget "DogBook" */;
			buildPhases = (
				247FE4D22BE6D32600FD8CE0 /* Sources */,
				247FE4D32BE6D32600FD8CE0 /* Frameworks */,
				247FE4D42BE6D32600FD8CE0 /* Resources */,
			);
			buildRules = (
			);
			dependencies = (
			);
			name = DogBook;
			productName = DogBook;
			productReference = 247FE4D62BE6D32600FD8CE0 /* DogBook.app */;
			productType = "com.apple.product-type.application";
		};
		830DAEAD2BED827400668C1A /* DogBookTests */ = {
			isa = PBXNativeTarget;
			buildConfigurationList = 830DAEB42BED827400668C1A /* Build configuration list for PBXNativeTarget "DogBookTests" */;
			buildPhases = (
				830DAEAA2BED827400668C1A /* Sources */,
				830DAEAB2BED827400668C1A /* Frameworks */,
				830DAEAC2BED827400668C1A /* Resources */,
			);
			buildRules = (
			);
			dependencies = (
				830DAEB32BED827400668C1A /* PBXTargetDependency */,
			);
			name = DogBookTests;
			productName = DogBookTests;
			productReference = 830DAEAE2BED827400668C1A /* DogBookTests.xctest */;
			productType = "com.apple.product-type.bundle.unit-test";
		};
/* End PBXNativeTarget section */

/* Begin PBXProject section */
		247FE4CE2BE6D32600FD8CE0 /* Project object */ = {
			isa = PBXProject;
			attributes = {
				BuildIndependentTargetsInParallel = 1;
				LastSwiftUpdateCheck = 1520;
				LastUpgradeCheck = 1520;
				TargetAttributes = {
					247FE4D52BE6D32600FD8CE0 = {
						CreatedOnToolsVersion = 15.2;
					};
					830DAEAD2BED827400668C1A = {
						CreatedOnToolsVersion = 15.2;
						TestTargetID = 247FE4D52BE6D32600FD8CE0;
					};
				};
			};
			buildConfigurationList = 247FE4D12BE6D32600FD8CE0 /* Build configuration list for PBXProject "DogBook" */;
			compatibilityVersion = "Xcode 14.0";
			developmentRegion = en;
			hasScannedForEncodings = 0;
			knownRegions = (
				en,
				Base,
			);
			mainGroup = 247FE4CD2BE6D32600FD8CE0;
			productRefGroup = 247FE4D72BE6D32600FD8CE0 /* Products */;
			projectDirPath = "";
			projectRoot = "";
			targets = (
				247FE4D52BE6D32600FD8CE0 /* DogBook */,
				830DAEAD2BED827400668C1A /* DogBookTests */,
			);
		};
/* End PBXProject section */

/* Begin PBXResourcesBuildPhase section */
		247FE4D42BE6D32600FD8CE0 /* Resources */ = {
			isa = PBXResourcesBuildPhase;
			buildActionMask = 2147483647;
			files = (
				247FE4E12BE6D32700FD8CE0 /* Preview Assets.xcassets in Resources */,
				247FE4DE2BE6D32700FD8CE0 /* Assets.xcassets in Resources */,
			);
			runOnlyForDeploymentPostprocessing = 0;
		};
		830DAEAC2BED827400668C1A /* Resources */ = {
			isa = PBXResourcesBuildPhase;
			buildActionMask = 2147483647;
			files = (
			);
			runOnlyForDeploymentPostprocessing = 0;
		};
/* End PBXResourcesBuildPhase section */

/* Begin PBXSourcesBuildPhase section */
		247FE4D22BE6D32600FD8CE0 /* Sources */ = {
			isa = PBXSourcesBuildPhase;
			buildActionMask = 2147483647;
			files = (
				247FE4EE2BE6D9A000FD8CE0 /* RealDogsService.swift in Sources */,
				247FE4EC2BE6D39100FD8CE0 /* Model.swift in Sources */,
				247FE4DC2BE6D32600FD8CE0 /* DogsListView.swift in Sources */,
				83E5EED12BEB1C9000B3F4C6 /* DogDetailViewModel.swift in Sources */,
				247FE4E82BE6D36000FD8CE0 /* DogDetailView.swift in Sources */,
				247FE4EA2BE6D37600FD8CE0 /* DogsListViewModel.swift in Sources */,
				247FE4DA2BE6D32600FD8CE0 /* DogBookApp.swift in Sources */,
			);
			runOnlyForDeploymentPostprocessing = 0;
		};
		830DAEAA2BED827400668C1A /* Sources */ = {
			isa = PBXSourcesBuildPhase;
			buildActionMask = 2147483647;
			files = (
				830DAEBA2BED831600668C1A /* TestDogsService.swift in Sources */,
				830DAEB12BED827400668C1A /* DogBookTests.swift in Sources */,
			);
			runOnlyForDeploymentPostprocessing = 0;
		};
/* End PBXSourcesBuildPhase section */

/* Begin PBXTargetDependency section */
		830DAEB32BED827400668C1A /* PBXTargetDependency */ = {
			isa = PBXTargetDependency;
			target = 247FE4D52BE6D32600FD8CE0 /* DogBook */;
			targetProxy = 830DAEB22BED827400668C1A /* PBXContainerItemProxy */;
		};
/* End PBXTargetDependency section */

/* Begin XCBuildConfiguration section */
		247FE4E22BE6D32700FD8CE0 /* Debug */ = {
			isa = XCBuildConfiguration;
			buildSettings = {
				ALWAYS_SEARCH_USER_PATHS = NO;
				ASSETCATALOG_COMPILER_GENERATE_SWIFT_ASSET_SYMBOL_EXTENSIONS = YES;
				CLANG_ANALYZER_NONNULL = YES;
				CLANG_ANALYZER_NUMBER_OBJECT_CONVERSION = YES_AGGRESSIVE;
				CLANG_CXX_LANGUAGE_STANDARD = "gnu++20";
				CLANG_ENABLE_MODULES = YES;
				CLANG_ENABLE_OBJC_ARC = YES;
				CLANG_ENABLE_OBJC_WEAK = YES;
				CLANG_WARN_BLOCK_CAPTURE_AUTORELEASING = YES;
				CLANG_WARN_BOOL_CONVERSION = YES;
				CLANG_WARN_COMMA = YES;
				CLANG_WARN_CONSTANT_CONVERSION = YES;
				CLANG_WARN_DEPRECATED_OBJC_IMPLEMENTATIONS = YES;
				CLANG_WARN_DIRECT_OBJC_ISA_USAGE = YES_ERROR;
				CLANG_WARN_DOCUMENTATION_COMMENTS = YES;
				CLANG_WARN_EMPTY_BODY = YES;
				CLANG_WARN_ENUM_CONVERSION = YES;
				CLANG_WARN_INFINITE_RECURSION = YES;
				CLANG_WARN_INT_CONVERSION = YES;
				CLANG_WARN_NON_LITERAL_NULL_CONVERSION = YES;
				CLANG_WARN_OBJC_IMPLICIT_RETAIN_SELF = YES;
				CLANG_WARN_OBJC_LITERAL_CONVERSION = YES;
				CLANG_WARN_OBJC_ROOT_CLASS = YES_ERROR;
				CLANG_WARN_QUOTED_INCLUDE_IN_FRAMEWORK_HEADER = YES;
				CLANG_WARN_RANGE_LOOP_ANALYSIS = YES;
				CLANG_WARN_STRICT_PROTOTYPES = YES;
				CLANG_WARN_SUSPICIOUS_MOVE = YES;
				CLANG_WARN_UNGUARDED_AVAILABILITY = YES_AGGRESSIVE;
				CLANG_WARN_UNREACHABLE_CODE = YES;
				CLANG_WARN__DUPLICATE_METHOD_MATCH = YES;
				COPY_PHASE_STRIP = NO;
				DEBUG_INFORMATION_FORMAT = dwarf;
				ENABLE_STRICT_OBJC_MSGSEND = YES;
				ENABLE_TESTABILITY = YES;
				ENABLE_USER_SCRIPT_SANDBOXING = YES;
				GCC_C_LANGUAGE_STANDARD = gnu17;
				GCC_DYNAMIC_NO_PIC = NO;
				GCC_NO_COMMON_BLOCKS = YES;
				GCC_OPTIMIZATION_LEVEL = 0;
				GCC_PREPROCESSOR_DEFINITIONS = (
					"DEBUG=1",
					"$(inherited)",
				);
				GCC_WARN_64_TO_32_BIT_CONVERSION = YES;
				GCC_WARN_ABOUT_RETURN_TYPE = YES_ERROR;
				GCC_WARN_UNDECLARED_SELECTOR = YES;
				GCC_WARN_UNINITIALIZED_AUTOS = YES_AGGRESSIVE;
				GCC_WARN_UNUSED_FUNCTION = YES;
				GCC_WARN_UNUSED_VARIABLE = YES;
				IPHONEOS_DEPLOYMENT_TARGET = 17.2;
				LOCALIZATION_PREFERS_STRING_CATALOGS = YES;
				MTL_ENABLE_DEBUG_INFO = INCLUDE_SOURCE;
				MTL_FAST_MATH = YES;
				ONLY_ACTIVE_ARCH = YES;
				SDKROOT = iphoneos;
				SWIFT_ACTIVE_COMPILATION_CONDITIONS = "DEBUG $(inherited)";
				SWIFT_OPTIMIZATION_LEVEL = "-Onone";
			};
			name = Debug;
		};
		247FE4E32BE6D32700FD8CE0 /* Release */ = {
			isa = XCBuildConfiguration;
			buildSettings = {
				ALWAYS_SEARCH_USER_PATHS = NO;
				ASSETCATALOG_COMPILER_GENERATE_SWIFT_ASSET_SYMBOL_EXTENSIONS = YES;
				CLANG_ANALYZER_NONNULL = YES;
				CLANG_ANALYZER_NUMBER_OBJECT_CONVERSION = YES_AGGRESSIVE;
				CLANG_CXX_LANGUAGE_STANDARD = "gnu++20";
				CLANG_ENABLE_MODULES = YES;
				CLANG_ENABLE_OBJC_ARC = YES;
				CLANG_ENABLE_OBJC_WEAK = YES;
				CLANG_WARN_BLOCK_CAPTURE_AUTORELEASING = YES;
				CLANG_WARN_BOOL_CONVERSION = YES;
				CLANG_WARN_COMMA = YES;
				CLANG_WARN_CONSTANT_CONVERSION = YES;
				CLANG_WARN_DEPRECATED_OBJC_IMPLEMENTATIONS = YES;
				CLANG_WARN_DIRECT_OBJC_ISA_USAGE = YES_ERROR;
				CLANG_WARN_DOCUMENTATION_COMMENTS = YES;
				CLANG_WARN_EMPTY_BODY = YES;
				CLANG_WARN_ENUM_CONVERSION = YES;
				CLANG_WARN_INFINITE_RECURSION = YES;
				CLANG_WARN_INT_CONVERSION = YES;
				CLANG_WARN_NON_LITERAL_NULL_CONVERSION = YES;
				CLANG_WARN_OBJC_IMPLICIT_RETAIN_SELF = YES;
				CLANG_WARN_OBJC_LITERAL_CONVERSION = YES;
				CLANG_WARN_OBJC_ROOT_CLASS = YES_ERROR;
				CLANG_WARN_QUOTED_INCLUDE_IN_FRAMEWORK_HEADER = YES;
				CLANG_WARN_RANGE_LOOP_ANALYSIS = YES;
				CLANG_WARN_STRICT_PROTOTYPES = YES;
				CLANG_WARN_SUSPICIOUS_MOVE = YES;
				CLANG_WARN_UNGUARDED_AVAILABILITY = YES_AGGRESSIVE;
				CLANG_WARN_UNREACHABLE_CODE = YES;
				CLANG_WARN__DUPLICATE_METHOD_MATCH = YES;
				COPY_PHASE_STRIP = NO;
				DEBUG_INFORMATION_FORMAT = "dwarf-with-dsym";
				ENABLE_NS_ASSERTIONS = NO;
				ENABLE_STRICT_OBJC_MSGSEND = YES;
				ENABLE_USER_SCRIPT_SANDBOXING = YES;
				GCC_C_LANGUAGE_STANDARD = gnu17;
				GCC_NO_COMMON_BLOCKS = YES;
				GCC_WARN_64_TO_32_BIT_CONVERSION = YES;
				GCC_WARN_ABOUT_RETURN_TYPE = YES_ERROR;
				GCC_WARN_UNDECLARED_SELECTOR = YES;
				GCC_WARN_UNINITIALIZED_AUTOS = YES_AGGRESSIVE;
				GCC_WARN_UNUSED_FUNCTION = YES;
				GCC_WARN_UNUSED_VARIABLE = YES;
				IPHONEOS_DEPLOYMENT_TARGET = 17.2;
				LOCALIZATION_PREFERS_STRING_CATALOGS = YES;
				MTL_ENABLE_DEBUG_INFO = NO;
				MTL_FAST_MATH = YES;
				SDKROOT = iphoneos;
				SWIFT_COMPILATION_MODE = wholemodule;
				VALIDATE_PRODUCT = YES;
			};
			name = Release;
		};
		247FE4E52BE6D32700FD8CE0 /* Debug */ = {
			isa = XCBuildConfiguration;
			buildSettings = {
				ASSETCATALOG_COMPILER_APPICON_NAME = AppIcon;
				ASSETCATALOG_COMPILER_GLOBAL_ACCENT_COLOR_NAME = AccentColor;
				CODE_SIGN_STYLE = Automatic;
				CURRENT_PROJECT_VERSION = 1;
				DEVELOPMENT_ASSET_PATHS = "\"DogBook/Preview Content\"";
				DEVELOPMENT_TEAM = F3CD9UZ9BR;
				ENABLE_PREVIEWS = YES;
				GENERATE_INFOPLIST_FILE = YES;
				INFOPLIST_FILE = DogBook/Info.plist;
				INFOPLIST_KEY_UIApplicationSceneManifest_Generation = YES;
				INFOPLIST_KEY_UIApplicationSupportsIndirectInputEvents = YES;
				INFOPLIST_KEY_UISupportedInterfaceOrientations_iPad = "UIInterfaceOrientationPortrait UIInterfaceOrientationPortraitUpsideDown UIInterfaceOrientationLandscapeLeft UIInterfaceOrientationLandscapeRight";
				INFOPLIST_KEY_UISupportedInterfaceOrientations_iPhone = "UIInterfaceOrientationPortrait UIInterfaceOrientationLandscapeLeft UIInterfaceOrientationLandscapeRight";
				LD_RUNPATH_SEARCH_PATHS = (
					"$(inherited)",
					"@executable_path/Frameworks",
				);
				MARKETING_VERSION = 1.0;
				PRODUCT_BUNDLE_IDENTIFIER = inge.chiles.DogBook;
				PRODUCT_NAME = "$(TARGET_NAME)";
				SWIFT_EMIT_LOC_STRINGS = YES;
				SWIFT_VERSION = 5.0;
				TARGETED_DEVICE_FAMILY = "1,2";
			};
			name = Debug;
		};
		247FE4E62BE6D32700FD8CE0 /* Release */ = {
			isa = XCBuildConfiguration;
			buildSettings = {
				ASSETCATALOG_COMPILER_APPICON_NAME = AppIcon;
				ASSETCATALOG_COMPILER_GLOBAL_ACCENT_COLOR_NAME = AccentColor;
				CODE_SIGN_STYLE = Automatic;
				CURRENT_PROJECT_VERSION = 1;
				DEVELOPMENT_ASSET_PATHS = "\"DogBook/Preview Content\"";
				DEVELOPMENT_TEAM = F3CD9UZ9BR;
				ENABLE_PREVIEWS = YES;
				GENERATE_INFOPLIST_FILE = YES;
				INFOPLIST_FILE = DogBook/Info.plist;
				INFOPLIST_KEY_UIApplicationSceneManifest_Generation = YES;
				INFOPLIST_KEY_UIApplicationSupportsIndirectInputEvents = YES;
				INFOPLIST_KEY_UISupportedInterfaceOrientations_iPad = "UIInterfaceOrientationPortrait UIInterfaceOrientationPortraitUpsideDown UIInterfaceOrientationLandscapeLeft UIInterfaceOrientationLandscapeRight";
				INFOPLIST_KEY_UISupportedInterfaceOrientations_iPhone = "UIInterfaceOrientationPortrait UIInterfaceOrientationLandscapeLeft UIInterfaceOrientationLandscapeRight";
				LD_RUNPATH_SEARCH_PATHS = (
					"$(inherited)",
					"@executable_path/Frameworks",
				);
				MARKETING_VERSION = 1.0;
				PRODUCT_BUNDLE_IDENTIFIER = inge.chiles.DogBook;
				PRODUCT_NAME = "$(TARGET_NAME)";
				SWIFT_EMIT_LOC_STRINGS = YES;
				SWIFT_VERSION = 5.0;
				TARGETED_DEVICE_FAMILY = "1,2";
			};
			name = Release;
		};
		830DAEB52BED827400668C1A /* Debug */ = {
			isa = XCBuildConfiguration;
			buildSettings = {
				BUNDLE_LOADER = "$(TEST_HOST)";
				CODE_SIGN_STYLE = Automatic;
				CURRENT_PROJECT_VERSION = 1;
				DEVELOPMENT_TEAM = F3CD9UZ9BR;
				GENERATE_INFOPLIST_FILE = YES;
				IPHONEOS_DEPLOYMENT_TARGET = 17.2;
				MACOSX_DEPLOYMENT_TARGET = 14.2;
				MARKETING_VERSION = 1.0;
				PRODUCT_BUNDLE_IDENTIFIER = me.Chiles.Inge.DogBookTests;
				PRODUCT_NAME = "$(TARGET_NAME)";
				SDKROOT = auto;
				SUPPORTED_PLATFORMS = "iphoneos iphonesimulator macosx";
				SWIFT_EMIT_LOC_STRINGS = NO;
				SWIFT_VERSION = 5.0;
				TARGETED_DEVICE_FAMILY = "1,2";
				TEST_HOST = "$(BUILT_PRODUCTS_DIR)/DogBook.app/$(BUNDLE_EXECUTABLE_FOLDER_PATH)/DogBook";
			};
			name = Debug;
		};
		830DAEB62BED827400668C1A /* Release */ = {
			isa = XCBuildConfiguration;
			buildSettings = {
				BUNDLE_LOADER = "$(TEST_HOST)";
				CODE_SIGN_STYLE = Automatic;
				CURRENT_PROJECT_VERSION = 1;
				DEVELOPMENT_TEAM = F3CD9UZ9BR;
				GENERATE_INFOPLIST_FILE = YES;
				IPHONEOS_DEPLOYMENT_TARGET = 17.2;
				MACOSX_DEPLOYMENT_TARGET = 14.2;
				MARKETING_VERSION = 1.0;
				PRODUCT_BUNDLE_IDENTIFIER = me.Chiles.Inge.DogBookTests;
				PRODUCT_NAME = "$(TARGET_NAME)";
				SDKROOT = auto;
				SUPPORTED_PLATFORMS = "iphoneos iphonesimulator macosx";
				SWIFT_EMIT_LOC_STRINGS = NO;
				SWIFT_VERSION = 5.0;
				TARGETED_DEVICE_FAMILY = "1,2";
				TEST_HOST = "$(BUILT_PRODUCTS_DIR)/DogBook.app/$(BUNDLE_EXECUTABLE_FOLDER_PATH)/DogBook";
			};
			name = Release;
		};
/* End XCBuildConfiguration section */

/* Begin XCConfigurationList section */
		247FE4D12BE6D32600FD8CE0 /* Build configuration list for PBXProject "DogBook" */ = {
			isa = XCConfigurationList;
			buildConfigurations = (
				247FE4E22BE6D32700FD8CE0 /* Debug */,
				247FE4E32BE6D32700FD8CE0 /* Release */,
			);
			defaultConfigurationIsVisible = 0;
			defaultConfigurationName = Release;
		};
		247FE4E42BE6D32700FD8CE0 /* Build configuration list for PBXNativeTarget "DogBook" */ = {
			isa = XCConfigurationList;
			buildConfigurations = (
				247FE4E52BE6D32700FD8CE0 /* Debug */,
				247FE4E62BE6D32700FD8CE0 /* Release */,
			);
			defaultConfigurationIsVisible = 0;
			defaultConfigurationName = Release;
		};
		830DAEB42BED827400668C1A /* Build configuration list for PBXNativeTarget "DogBookTests" */ = {
			isa = XCConfigurationList;
			buildConfigurations = (
				830DAEB52BED827400668C1A /* Debug */,
				830DAEB62BED827400668C1A /* Release */,
			);
			defaultConfigurationIsVisible = 0;
			defaultConfigurationName = Release;
		};
/* End XCConfigurationList section */
	};
	rootObject = 247FE4CE2BE6D32600FD8CE0 /* Project object */;
}
